// !$*UTF8*$!
{
	archiveVersion = 1;
	classes = {
	};
	objectVersion = 77;
	objects = {

/* Begin PBXBuildFile section */
		16A1E89030589F84005D8F5A /* Preview Assets.xcassets in Resources */ = {isa = PBXBuildFile; fileRef = 169EEF7F305366A100FD5688 /* Preview Assets.xcassets */; };
		16A1E89130589F84005D8F5A /* Preview Assets.xcassets in Resources */ = {isa = PBXBuildFile; fileRef = 169EEF7F305366A100FD5688 /* Preview Assets.xcassets */; };
/* End PBXBuildFile section */

/* Begin PBXContainerItemProxy section */
		16EE16E13033B49100E0D1A3 /* PBXContainerItemProxy */ = {
			isa = PBXContainerItemProxy;
			containerPortal = 16EE16CB3033B49100E0D1A3 /* Project object */;
			proxyType = 1;
			remoteGlobalIDString = 16EE16D23033B49100E0D1A3;
			remoteInfo = Imago;
		};
		16EE16EB3033B49100E0D1A3 /* PBXContainerItemProxy */ = {
			isa = PBXContainerItemProxy;
			containerPortal = 16EE16CB3033B49100E0D1A3 /* Project object */;
			proxyType = 1;
			remoteGlobalIDString = 16EE16D23033B49100E0D1A3;
			remoteInfo = Imago;
		};
/* End PBXContainerItemProxy section */

/* Begin PBXFileReference section */
		169EEF7F305366A100FD5688 /* Preview Assets.xcassets */ = {isa = PBXFileReference; lastKnownFileType = folder.assetcatalog; path = "Preview Assets.xcassets"; sourceTree = "<group>"; };
		16EE16D33033B49100E0D1A3 /* Imago.app */ = {isa = PBXFileReference; explicitFileType = wrapper.application; includeInIndex = 0; path = Imago.app; sourceTree = BUILT_PRODUCTS_DIR; };
		16EE16E03033B49100E0D1A3 /* ImagoTests.xctest */ = {isa = PBXFileReference; explicitFileType = wrapper.cfbundle; includeInIndex = 0; path = ImagoTests.xctest; sourceTree = BUILT_PRODUCTS_DIR; };
		16EE16EA3033B49100E0D1A3 /* ImagoUITests.xctest */ = {isa = PBXFileReference; explicitFileType = wrapper.cfbundle; includeInIndex = 0; path = ImagoUITests.xctest; sourceTree = BUILT_PRODUCTS_DIR; };
/* End PBXFileReference section */

/* Begin PBXFileSystemSynchronizedBuildFileExceptionSet section */
		16A1E8C43058A6F0005D8F5A /* Exceptions for "Imago" folder in "ImagoTests" target */ = {
			isa = PBXFileSystemSynchronizedBuildFileExceptionSet;
			membershipExceptions = (
				"Bundle Images/sample-image-1-regular.jpg",
				"Bundle Images/sample-image-1-small.jpg",
				"Bundle Images/sample-image-1-thumb.jpg",
				"Bundle Images/sample-image-2-regular.jpg",
				"Bundle Images/sample-image-2-small.jpg",
				"Bundle Images/sample-image-2-thumb.jpg",
				"Bundle Images/sample-image-3-regular.jpg",
				"Bundle Images/sample-image-3-small.jpg",
				"Bundle Images/sample-image-3-thumb.jpg",
				"Bundle Images/sample-image-4-regular.jpg",
				"Bundle Images/sample-image-4-small.jpg",
				"Bundle Images/sample-image-4-thumb.jpg",
				"Bundle Images/sample-image-5-regular.jpg",
				"Bundle Images/sample-image-5-small.jpg",
				"Bundle Images/sample-image-5-thumb.jpg",
			);
			target = 16EE16DF3033B49100E0D1A3 /* ImagoTests */;
		};
/* End PBXFileSystemSynchronizedBuildFileExceptionSet section */

/* Begin PBXFileSystemSynchronizedRootGroup section */
		16EE16D53033B49100E0D1A3 /* Imago */ = {
			isa = PBXFileSystemSynchronizedRootGroup;
			exceptions = (
				16A1E8C43058A6F0005D8F5A /* Exceptions for "Imago" folder in "ImagoTests" target */,
			);
			path = Imago;
			sourceTree = "<group>";
		};
		16EE16E33033B49100E0D1A3 /* ImagoTests */ = {
			isa = PBXFileSystemSynchronizedRootGroup;
			path = ImagoTests;
			sourceTree = "<group>";
		};
		16EE16ED3033B49100E0D1A3 /* ImagoUITests */ = {
			isa = PBXFileSystemSynchronizedRootGroup;
			path = ImagoUITests;
			sourceTree = "<group>";
		};
/* End PBXFileSystemSynchronizedRootGroup section */

/* Begin PBXFrameworksBuildPhase section */
		16EE16D03033B49100E0D1A3 /* Frameworks */ = {
			isa = PBXFrameworksBuildPhase;
			buildActionMask = 2147483647;
			files = (
			);
			runOnlyForDeploymentPostprocessing = 0;
		};
		16EE16DD3033B49100E0D1A3 /* Frameworks */ = {
			isa = PBXFrameworksBuildPhase;
			buildActionMask = 2147483647;
			files = (
			);
			runOnlyForDeploymentPostprocessing = 0;
		};
		16EE16E73033B49100E0D1A3 /* Frameworks */ = {
			isa = PBXFrameworksBuildPhase;
			buildActionMask = 2147483647;
			files = (
			);
			runOnlyForDeploymentPostprocessing = 0;
		};
/* End PBXFrameworksBuildPhase section */

/* Begin PBXGroup section */
		169EEF7E3053667900FD5688 /* Preview Content */ = {
			isa = PBXGroup;
			children = (
				169EEF7F305366A100FD5688 /* Preview Assets.xcassets */,
			);
			path = "Preview Content";
			sourceTree = "<group>";
		};
		16EE16CA3033B49100E0D1A3 = {
			isa = PBXGroup;
			children = (
				16EE16D53033B49100E0D1A3 /* Imago */,
				16EE16E33033B49100E0D1A3 /* ImagoTests */,
				16EE16ED3033B49100E0D1A3 /* ImagoUITests */,
				169EEF7E3053667900FD5688 /* Preview Content */,
				16EE16D43033B49100E0D1A3 /* Products */,
			);
			sourceTree = "<group>";
		};
		16EE16D43033B49100E0D1A3 /* Products */ = {
			isa = PBXGroup;
			children = (
				16EE16D33033B49100E0D1A3 /* Imago.app */,
				16EE16E03033B49100E0D1A3 /* ImagoTests.xctest */,
				16EE16EA3033B49100E0D1A3 /* ImagoUITests.xctest */,
			);
			name = Products;
			sourceTree = "<group>";
		};
/* End PBXGroup section */

/* Begin PBXNativeTarget section */
		16EE16D23033B49100E0D1A3 /* Imago */ = {
			isa = PBXNativeTarget;
			buildConfigurationList = 16EE16F43033B49100E0D1A3 /* Build configuration list for PBXNativeTarget "Imago" */;
			buildPhases = (
				16EE16CF3033B49100E0D1A3 /* Sources */,
				16EE16D03033B49100E0D1A3 /* Frameworks */,
				16EE16D13033B49100E0D1A3 /* Resources */,
			);
			buildRules = (
			);
			dependencies = (
			);
			fileSystemSynchronizedGroups = (
				16EE16D53033B49100E0D1A3 /* Imago */,
			);
			name = Imago;
			packageProductDependencies = (
			);
			productName = Imago;
			productReference = 16EE16D33033B49100E0D1A3 /* Imago.app */;
			productType = "com.apple.product-type.application";
		};
		16EE16DF3033B49100E0D1A3 /* ImagoTests */ = {
			isa = PBXNativeTarget;
			buildConfigurationList = 16EE16F73033B49100E0D1A3 /* Build configuration list for PBXNativeTarget "ImagoTests" */;
			buildPhases = (
				16EE16DC3033B49100E0D1A3 /* Sources */,
				16EE16DD3033B49100E0D1A3 /* Frameworks */,
				16EE16DE3033B49100E0D1A3 /* Resources */,
			);
			buildRules = (
			);
			dependencies = (
				16EE16E23033B49100E0D1A3 /* PBXTargetDependency */,
			);
			fileSystemSynchronizedGroups = (
				16EE16E33033B49100E0D1A3 /* ImagoTests */,
			);
			name = ImagoTests;
			packageProductDependencies = (
			);
			productName = ImagoTests;
			productReference = 16EE16E03033B49100E0D1A3 /* ImagoTests.xctest */;
			productType = "com.apple.product-type.bundle.unit-test";
		};
		16EE16E93033B49100E0D1A3 /* ImagoUITests */ = {
			isa = PBXNativeTarget;
			buildConfigurationList = 16EE16FA3033B49100E0D1A3 /* Build configuration list for PBXNativeTarget "ImagoUITests" */;
			buildPhases = (
				16EE16E63033B49100E0D1A3 /* Sources */,
				16EE16E73033B49100E0D1A3 /* Frameworks */,
				16EE16E83033B49100E0D1A3 /* Resources */,
			);
			buildRules = (
			);
			dependencies = (
				16EE16EC3033B49100E0D1A3 /* PBXTargetDependency */,
			);
			fileSystemSynchronizedGroups = (
				16EE16ED3033B49100E0D1A3 /* ImagoUITests */,
			);
			name = ImagoUITests;
			packageProductDependencies = (
			);
			productName = ImagoUITests;
			productReference = 16EE16EA3033B49100E0D1A3 /* ImagoUITests.xctest */;
			productType = "com.apple.product-type.bundle.ui-testing";
		};
/* End PBXNativeTarget section */

/* Begin PBXProject section */
		16EE16CB3033B49100E0D1A3 /* Project object */ = {
			isa = PBXProject;
			attributes = {
				BuildIndependentTargetsInParallel = 1;
				LastSwiftUpdateCheck = 2660;
				LastUpgradeCheck = 2660;
				TargetAttributes = {
					16EE16D23033B49100E0D1A3 = {
						CreatedOnToolsVersion = 26.6;
					};
					16EE16DF3033B49100E0D1A3 = {
						CreatedOnToolsVersion = 26.6;
						TestTargetID = 16EE16D23033B49100E0D1A3;
					};
					16EE16E93033B49100E0D1A3 = {
						CreatedOnToolsVersion = 26.6;
						TestTargetID = 16EE16D23033B49100E0D1A3;
					};
				};
			};
			buildConfigurationList = 16EE16CE3033B49100E0D1A3 /* Build configuration list for PBXProject "Imago" */;
			developmentRegion = en;
			hasScannedForEncodings = 0;
			knownRegions = (
				en,
				Base,
			);
			mainGroup = 16EE16CA3033B49100E0D1A3;
			minimizedProjectReferenceProxies = 1;
			preferredProjectObjectVersion = 77;
			productRefGroup = 16EE16D43033B49100E0D1A3 /* Products */;
			projectDirPath = "";
			projectRoot = "";
			targets = (
				16EE16D23033B49100E0D1A3 /* Imago */,
				16EE16DF3033B49100E0D1A3 /* ImagoTests */,
				16EE16E93033B49100E0D1A3 /* ImagoUITests */,
			);
		};
/* End PBXProject section */

/* Begin PBXResourcesBuildPhase section */
		16EE16D13033B49100E0D1A3 /* Resources */ = {
			isa = PBXResourcesBuildPhase;
			buildActionMask = 2147483647;
			files = (
				16A1E89030589F84005D8F5A /* Preview Assets.xcassets in Resources */,
			);
			runOnlyForDeploymentPostprocessing = 0;
		};
		16EE16DE3033B49100E0D1A3 /* Resources */ = {
			isa = PBXResourcesBuildPhase;
			buildActionMask = 2147483647;
			files = (
				16A1E89130589F84005D8F5A /* Preview Assets.xcassets in Resources */,
			);
			runOnlyForDeploymentPostprocessing = 0;
		};
		16EE16E83033B49100E0D1A3 /* Resources */ = {
			isa = PBXResourcesBuildPhase;
			buildActionMask = 2147483647;
			files = (
			);
			runOnlyForDeploymentPostprocessing = 0;
		};
/* End PBXResourcesBuildPhase section */

/* Begin PBXSourcesBuildPhase section */
		16EE16CF3033B49100E0D1A3 /* Sources */ = {
			isa = PBXSourcesBuildPhase;
			buildActionMask = 2147483647;
			files = (
			);
			runOnlyForDeploymentPostprocessing = 0;
		};
		16EE16DC3033B49100E0D1A3 /* Sources */ = {
			isa = PBXSourcesBuildPhase;
			buildActionMask = 2147483647;
			files = (
			);
			runOnlyForDeploymentPostprocessing = 0;
		};
		16EE16E63033B49100E0D1A3 /* Sources */ = {
			isa = PBXSourcesBuildPhase;
			buildActionMask = 2147483647;
			files = (
			);
			runOnlyForDeploymentPostprocessing = 0;
		};
/* End PBXSourcesBuildPhase section */

/* Begin PBXTargetDependency section */
		16EE16E23033B49100E0D1A3 /* PBXTargetDependency */ = {
			isa = PBXTargetDependency;
			target = 16EE16D23033B49100E0D1A3 /* Imago */;
			targetProxy = 16EE16E13033B49100E0D1A3 /* PBXContainerItemProxy */;
		};
		16EE16EC3033B49100E0D1A3 /* PBXTargetDependency */ = {
			isa = PBXTargetDependency;
			target = 16EE16D23033B49100E0D1A3 /* Imago */;
			targetProxy = 16EE16EB3033B49100E0D1A3 /* PBXContainerItemProxy */;
		};
/* End PBXTargetDependency section */

/* Begin XCBuildConfiguration section */
		16EE16F23033B49100E0D1A3 /* Debug */ = {
			isa = XCBuildConfiguration;
			buildSettings = {
				ALWAYS_SEARCH_USER_PATHS = NO;
				ASSETCATALOG_COMPILER_GENERATE_SWIFT_ASSET_SYMBOL_EXTENSIONS = YES;
				CLANG_ANALYZER_NONNULL = YES;
				CLANG_ANALYZER_NUMBER_OBJECT_CONVERSION = YES_AGGRESSIVE;
				CLANG_CXX_LANGUAGE_STANDARD = "gnu++20";
				CLANG_ENABLE_MODULES = YES;
				CLANG_ENABLE_OBJC_ARC = YES;
				CLANG_ENABLE_OBJC_WEAK = YES;
				CLANG_WARN_BLOCK_CAPTURE_AUTORELEASING = YES;
				CLANG_WARN_BOOL_CONVERSION = YES;
				CLANG_WARN_COMMA = YES;
				CLANG_WARN_CONSTANT_CONVERSION = YES;
				CLANG_WARN_DEPRECATED_OBJC_IMPLEMENTATIONS = YES;
				CLANG_WARN_DIRECT_OBJC_ISA_USAGE = YES_ERROR;
				CLANG_WARN_DOCUMENTATION_COMMENTS = YES;
				CLANG_WARN_EMPTY_BODY = YES;
				CLANG_WARN_ENUM_CONVERSION = YES;
				CLANG_WARN_INFINITE_RECURSION = YES;
				CLANG_WARN_INT_CONVERSION = YES;
				CLANG_WARN_NON_LITERAL_NULL_CONVERSION = YES;
				CLANG_WARN_OBJC_IMPLICIT_RETAIN_SELF = YES;
				CLANG_WARN_OBJC_LITERAL_CONVERSION = YES;
				CLANG_WARN_OBJC_ROOT_CLASS = YES_ERROR;
				CLANG_WARN_QUOTED_INCLUDE_IN_FRAMEWORK_HEADER = YES;
				CLANG_WARN_RANGE_LOOP_ANALYSIS = YES;
				CLANG_WARN_STRICT_PROTOTYPES = YES;
				CLANG_WARN_SUSPICIOUS_MOVE = YES;
				CLANG_WARN_UNGUARDED_AVAILABILITY = YES_AGGRESSIVE;
				CLANG_WARN_UNREACHABLE_CODE = YES;
				CLANG_WARN__DUPLICATE_METHOD_MATCH = YES;
				COPY_PHASE_STRIP = NO;
				DEBUG_INFORMATION_FORMAT = dwarf;
				ENABLE_STRICT_OBJC_MSGSEND = YES;
				ENABLE_TESTABILITY = YES;
				ENABLE_USER_SCRIPT_SANDBOXING = YES;
				GCC_C_LANGUAGE_STANDARD = gnu17;
				GCC_DYNAMIC_NO_PIC = NO;
				GCC_NO_COMMON_BLOCKS = YES;
				GCC_OPTIMIZATION_LEVEL = 0;
				GCC_PREPROCESSOR_DEFINITIONS = (
					"DEBUG=1",
					"$(inherited)",
				);
				GCC_WARN_64_TO_32_BIT_CONVERSION = YES;
				GCC_WARN_ABOUT_RETURN_TYPE = YES_ERROR;
				GCC_WARN_UNDECLARED_SELECTOR = YES;
				GCC_WARN_UNINITIALIZED_AUTOS = YES_AGGRESSIVE;
				GCC_WARN_UNUSED_FUNCTION = YES;
				GCC_WARN_UNUSED_VARIABLE = YES;
				IPHONEOS_DEPLOYMENT_TARGET = 26.5;
				LOCALIZATION_PREFERS_STRING_CATALOGS = YES;
				MTL_ENABLE_DEBUG_INFO = INCLUDE_SOURCE;
				MTL_FAST_MATH = YES;
				ONLY_ACTIVE_ARCH = YES;
				SDKROOT = iphoneos;
				SWIFT_ACTIVE_COMPILATION_CONDITIONS = "DEBUG $(inherited)";
				SWIFT_OPTIMIZATION_LEVEL = "-Onone";
			};
			name = Debug;
		};
		16EE16F33033B49100E0D1A3 /* Release */ = {
			isa = XCBuildConfiguration;
			buildSettings = {
				ALWAYS_SEARCH_USER_PATHS = NO;
				ASSETCATALOG_COMPILER_GENERATE_SWIFT_ASSET_SYMBOL_EXTENSIONS = YES;
				CLANG_ANALYZER_NONNULL = YES;
				CLANG_ANALYZER_NUMBER_OBJECT_CONVERSION = YES_AGGRESSIVE;
				CLANG_CXX_LANGUAGE_STANDARD = "gnu++20";
				CLANG_ENABLE_MODULES = YES;
				CLANG_ENABLE_OBJC_ARC = YES;
				CLANG_ENABLE_OBJC_WEAK = YES;
				CLANG_WARN_BLOCK_CAPTURE_AUTORELEASING = YES;
				CLANG_WARN_BOOL_CONVERSION = YES;
				CLANG_WARN_COMMA = YES;
				CLANG_WARN_CONSTANT_CONVERSION = YES;
				CLANG_WARN_DEPRECATED_OBJC_IMPLEMENTATIONS = YES;
				CLANG_WARN_DIRECT_OBJC_ISA_USAGE = YES_ERROR;
				CLANG_WARN_DOCUMENTATION_COMMENTS = YES;
				CLANG_WARN_EMPTY_BODY = YES;
				CLANG_WARN_ENUM_CONVERSION = YES;
				CLANG_WARN_INFINITE_RECURSION = YES;
				CLANG_WARN_INT_CONVERSION = YES;
				CLANG_WARN_NON_LITERAL_NULL_CONVERSION = YES;
				CLANG_WARN_OBJC_IMPLICIT_RETAIN_SELF = YES;
				CLANG_WARN_OBJC_LITERAL_CONVERSION = YES;
				CLANG_WARN_OBJC_ROOT_CLASS = YES_ERROR;
				CLANG_WARN_QUOTED_INCLUDE_IN_FRAMEWORK_HEADER = YES;
				CLANG_WARN_RANGE_LOOP_ANALYSIS = YES;
				CLANG_WARN_STRICT_PROTOTYPES = YES;
				CLANG_WARN_SUSPICIOUS_MOVE = YES;
				CLANG_WARN_UNGUARDED_AVAILABILITY = YES_AGGRESSIVE;
				CLANG_WARN_UNREACHABLE_CODE = YES;
				CLANG_WARN__DUPLICATE_METHOD_MATCH = YES;
				COPY_PHASE_STRIP = NO;
				DEBUG_INFORMATION_FORMAT = "dwarf-with-dsym";
				ENABLE_NS_ASSERTIONS = NO;
				ENABLE_STRICT_OBJC_MSGSEND = YES;
				ENABLE_USER_SCRIPT_SANDBOXING = YES;
				GCC_C_LANGUAGE_STANDARD = gnu17;
				GCC_NO_COMMON_BLOCKS = YES;
				GCC_WARN_64_TO_32_BIT_CONVERSION = YES;
				GCC_WARN_ABOUT_RETURN_TYPE = YES_ERROR;
				GCC_WARN_UNDECLARED_SELECTOR = YES;
				GCC_WARN_UNINITIALIZED_AUTOS = YES_AGGRESSIVE;
				GCC_WARN_UNUSED_FUNCTION = YES;
				GCC_WARN_UNUSED_VARIABLE = YES;
				IPHONEOS_DEPLOYMENT_TARGET = 26.5;
				LOCALIZATION_PREFERS_STRING_CATALOGS = YES;
				MTL_ENABLE_DEBUG_INFO = NO;
				MTL_FAST_MATH = YES;
				SDKROOT = iphoneos;
				SWIFT_COMPILATION_MODE = wholemodule;
				VALIDATE_PRODUCT = YES;
			};
			name = Release;
		};
		16EE16F53033B49100E0D1A3 /* Debug */ = {
			isa = XCBuildConfiguration;
			buildSettings = {
				ASSETCATALOG_COMPILER_APPICON_NAME = AppIcon;
				ASSETCATALOG_COMPILER_GLOBAL_ACCENT_COLOR_NAME = AccentColor;
				CODE_SIGN_STYLE = Automatic;
				CURRENT_PROJECT_VERSION = 1;
				DEVELOPMENT_ASSET_PATHS = "";
				ENABLE_PREVIEWS = YES;
				GENERATE_INFOPLIST_FILE = YES;
				INFOPLIST_KEY_UIApplicationSceneManifest_Generation = YES;
				INFOPLIST_KEY_UIApplicationSupportsIndirectInputEvents = YES;
				INFOPLIST_KEY_UILaunchScreen_Generation = YES;
				INFOPLIST_KEY_UISupportedInterfaceOrientations_iPad = "UIInterfaceOrientationPortrait UIInterfaceOrientationPortraitUpsideDown UIInterfaceOrientationLandscapeLeft UIInterfaceOrientationLandscapeRight";
				INFOPLIST_KEY_UISupportedInterfaceOrientations_iPhone = "UIInterfaceOrientationPortrait UIInterfaceOrientationLandscapeLeft UIInterfaceOrientationLandscapeRight";
				LD_RUNPATH_SEARCH_PATHS = (
					"$(inherited)",
					"@executable_path/Frameworks",
				);
				MARKETING_VERSION = 1.0;
				PRODUCT_BUNDLE_IDENTIFIER = com.sample.Imago;
				PRODUCT_NAME = "$(TARGET_NAME)";
				STRING_CATALOG_GENERATE_SYMBOLS = YES;
				SWIFT_APPROACHABLE_CONCURRENCY = YES;
				SWIFT_DEFAULT_ACTOR_ISOLATION = MainActor;
				SWIFT_EMIT_LOC_STRINGS = YES;
				SWIFT_UPCOMING_FEATURE_MEMBER_IMPORT_VISIBILITY = YES;
				SWIFT_VERSION = 5.0;
				TARGETED_DEVICE_FAMILY = "1,2";
			};
			name = Debug;
		};
		16EE16F63033B49100E0D1A3 /* Release */ = {
			isa = XCBuildConfiguration;
			buildSettings = {
				ASSETCATALOG_COMPILER_APPICON_NAME = AppIcon;
				ASSETCATALOG_COMPILER_GLOBAL_ACCENT_COLOR_NAME = AccentColor;
				CODE_SIGN_STYLE = Automatic;
				CURRENT_PROJECT_VERSION = 1;
				DEVELOPMENT_ASSET_PATHS = "\"Imago/Preview Content\"";
				ENABLE_PREVIEWS = YES;
				GENERATE_INFOPLIST_FILE = YES;
				INFOPLIST_KEY_UIApplicationSceneManifest_Generation = YES;
				INFOPLIST_KEY_UIApplicationSupportsIndirectInputEvents = YES;
				INFOPLIST_KEY_UILaunchScreen_Generation = YES;
				INFOPLIST_KEY_UISupportedInterfaceOrientations_iPad = "UIInterfaceOrientationPortrait UIInterfaceOrientationPortraitUpsideDown UIInterfaceOrientationLandscapeLeft UIInterfaceOrientationLandscapeRight";
				INFOPLIST_KEY_UISupportedInterfaceOrientations_iPhone = "UIInterfaceOrientationPortrait UIInterfaceOrientationLandscapeLeft UIInterfaceOrientationLandscapeRight";
				LD_RUNPATH_SEARCH_PATHS = (
					"$(inherited)",
					"@executable_path/Frameworks",
				);
				MARKETING_VERSION = 1.0;
				PRODUCT_BUNDLE_IDENTIFIER = com.sample.Imago;
				PRODUCT_NAME = "$(TARGET_NAME)";
				STRING_CATALOG_GENERATE_SYMBOLS = YES;
				SWIFT_APPROACHABLE_CONCURRENCY = YES;
				SWIFT_DEFAULT_ACTOR_ISOLATION = MainActor;
				SWIFT_EMIT_LOC_STRINGS = YES;
				SWIFT_UPCOMING_FEATURE_MEMBER_IMPORT_VISIBILITY = YES;
				SWIFT_VERSION = 5.0;
				TARGETED_DEVICE_FAMILY = "1,2";
			};
			name = Release;
		};
		16EE16F83033B49100E0D1A3 /* Debug */ = {
			isa = XCBuildConfiguration;
			buildSettings = {
				BUNDLE_LOADER = "$(TEST_HOST)";
				CODE_SIGN_STYLE = Automatic;
				CURRENT_PROJECT_VERSION = 1;
				GENERATE_INFOPLIST_FILE = YES;
				IPHONEOS_DEPLOYMENT_TARGET = 26.5;
				MARKETING_VERSION = 1.0;
				PRODUCT_BUNDLE_IDENTIFIER = com.sample.ImagoTests;
				PRODUCT_NAME = "$(TARGET_NAME)";
				STRING_CATALOG_GENERATE_SYMBOLS = NO;
				SWIFT_APPROACHABLE_CONCURRENCY = YES;
				SWIFT_EMIT_LOC_STRINGS = NO;
				SWIFT_UPCOMING_FEATURE_MEMBER_IMPORT_VISIBILITY = YES;
				SWIFT_VERSION = 5.0;
				TARGETED_DEVICE_FAMILY = "1,2";
				TEST_HOST = "$(BUILT_PRODUCTS_DIR)/Imago.app/$(BUNDLE_EXECUTABLE_FOLDER_PATH)/Imago";
			};
			name = Debug;
		};
		16EE16F93033B49100E0D1A3 /* Release */ = {
			isa = XCBuildConfiguration;
			buildSettings = {
				BUNDLE_LOADER = "$(TEST_HOST)";
				CODE_SIGN_STYLE = Automatic;
				CURRENT_PROJECT_VERSION = 1;
				GENERATE_INFOPLIST_FILE = YES;
				IPHONEOS_DEPLOYMENT_TARGET = 26.5;
				MARKETING_VERSION = 1.0;
				PRODUCT_BUNDLE_IDENTIFIER = com.sample.ImagoTests;
				PRODUCT_NAME = "$(TARGET_NAME)";
				STRING_CATALOG_GENERATE_SYMBOLS = NO;
				SWIFT_APPROACHABLE_CONCURRENCY = YES;
				SWIFT_EMIT_LOC_STRINGS = NO;
				SWIFT_UPCOMING_FEATURE_MEMBER_IMPORT_VISIBILITY = YES;
				SWIFT_VERSION = 5.0;
				TARGETED_DEVICE_FAMILY = "1,2";
				TEST_HOST = "$(BUILT_PRODUCTS_DIR)/Imago.app/$(BUNDLE_EXECUTABLE_FOLDER_PATH)/Imago";
			};
			name = Release;
		};
		16EE16FB3033B49100E0D1A3 /* Debug */ = {
			isa = XCBuildConfiguration;
			buildSettings = {
				CODE_SIGN_STYLE = Automatic;
				CURRENT_PROJECT_VERSION = 1;
				GENERATE_INFOPLIST_FILE = YES;
				MARKETING_VERSION = 1.0;
				PRODUCT_BUNDLE_IDENTIFIER = com.sample.ImagoUITests;
				PRODUCT_NAME = "$(TARGET_NAME)";
				STRING_CATALOG_GENERATE_SYMBOLS = NO;
				SWIFT_APPROACHABLE_CONCURRENCY = YES;
				SWIFT_EMIT_LOC_STRINGS = NO;
				SWIFT_UPCOMING_FEATURE_MEMBER_IMPORT_VISIBILITY = YES;
				SWIFT_VERSION = 5.0;
				TARGETED_DEVICE_FAMILY = "1,2";
				TEST_TARGET_NAME = Imago;
			};
			name = Debug;
		};
		16EE16FC3033B49100E0D1A3 /* Release */ = {
			isa = XCBuildConfiguration;
			buildSettings = {
				CODE_SIGN_STYLE = Automatic;
				CURRENT_PROJECT_VERSION = 1;
				GENERATE_INFOPLIST_FILE = YES;
				MARKETING_VERSION = 1.0;
				PRODUCT_BUNDLE_IDENTIFIER = com.sample.ImagoUITests;
				PRODUCT_NAME = "$(TARGET_NAME)";
				STRING_CATALOG_GENERATE_SYMBOLS = NO;
				SWIFT_APPROACHABLE_CONCURRENCY = YES;
				SWIFT_EMIT_LOC_STRINGS = NO;
				SWIFT_UPCOMING_FEATURE_MEMBER_IMPORT_VISIBILITY = YES;
				SWIFT_VERSION = 5.0;
				TARGETED_DEVICE_FAMILY = "1,2";
				TEST_TARGET_NAME = Imago;
			};
			name = Release;
		};
/* End XCBuildConfiguration section */

/* Begin XCConfigurationList section */
		16EE16CE3033B49100E0D1A3 /* Build configuration list for PBXProject "Imago" */ = {
			isa = XCConfigurationList;
			buildConfigurations = (
				16EE16F23033B49100E0D1A3 /* Debug */,
				16EE16F33033B49100E0D1A3 /* Release */,
			);
			defaultConfigurationIsVisible = 0;
			defaultConfigurationName = Release;
		};
		16EE16F43033B49100E0D1A3 /* Build configuration list for PBXNativeTarget "Imago" */ = {
			isa = XCConfigurationList;
			buildConfigurations = (
				16EE16F53033B49100E0D1A3 /* Debug */,
				16EE16F63033B49100E0D1A3 /* Release */,
			);
			defaultConfigurationIsVisible = 0;
			defaultConfigurationName = Release;
		};
		16EE16F73033B49100E0D1A3 /* Build configuration list for PBXNativeTarget "ImagoTests" */ = {
			isa = XCConfigurationList;
			buildConfigurations = (
				16EE16F83033B49100E0D1A3 /* Debug */,
				16EE16F93033B49100E0D1A3 /* Release */,
			);
			defaultConfigurationIsVisible = 0;
			defaultConfigurationName = Release;
		};
		16EE16FA3033B49100E0D1A3 /* Build configuration list for PBXNativeTarget "ImagoUITests" */ = {
			isa = XCConfigurationList;
			buildConfigurations = (
				16EE16FB3033B49100E0D1A3 /* Debug */,
				16EE16FC3033B49100E0D1A3 /* Release */,
			);
			defaultConfigurationIsVisible = 0;
			defaultConfigurationName = Release;
		};
/* End XCConfigurationList section */
	};
	rootObject = 16EE16CB3033B49100E0D1A3 /* Project object */;
}
